
Microsoft Visual Studio Solution File, Format Version 12.00
# Visual Studio Version 16
VisualStudioVersion = 16.0.30002.166
MinimumVisualStudioVersion = 10.0.40219.1
Project("{FAE04EC0-301F-11D3-BF4B-00C04F79EFBC}") = "Instrument Connect", "Instrument Connect.csproj", "{8155178B-6D79-4B03-AC52-8B0AF2D2A0D6}"
EndProject
Project("{9A19103F-16F7-4668-BE54-9A1E7A4F7556}") = "Server", "..\Server\Server.csproj", "{C1ACB82E-6187-47BB-9CE8-D6ABD8AD7E11}"
EndProject
Project("{FAE04EC0-301F-11D3-BF4B-00C04F79EFBC}") = "AsyncServer", "..\AsyncServer\AsyncServer.csproj", "{867B2676-6EAD-4827-8CA1-81D1D8054401}"
EndProject
Global
	GlobalSection(SolutionConfigurationPlatforms) = preSolution
		Debug|Any CPU = Debug|Any CPU
		Release|Any CPU = Release|Any CPU
	EndGlobalSection
	GlobalSection(ProjectConfigurationPlatforms) = postSolution
		{8155178B-6D79-4B03-AC52-8B0AF2D2A0D6}.Debug|Any CPU.ActiveCfg = Debug|Any CPU
		{8155178B-6D79-4B03-AC52-8B0AF2D2A0D6}.Debug|Any CPU.Build.0 = Debug|Any CPU
		{8155178B-6D79-4B03-AC52-8B0AF2D2A0D6}.Release|Any CPU.ActiveCfg = Release|Any CPU
		{8155178B-6D79-4B03-AC52-8B0AF2D2A0D6}.Release|Any CPU.Build.0 = Release|Any CPU
		{C1ACB82E-6187-47BB-9CE8-D6ABD8AD7E11}.Debug|Any CPU.ActiveCfg = Debug|Any CPU
		{C1ACB82E-6187-47BB-9CE8-D6ABD8AD7E11}.Debug|Any CPU.Build.0 = Debug|Any CPU
		{C1ACB82E-6187-47BB-9CE8-D6ABD8AD7E11}.Release|Any CPU.ActiveCfg = Release|Any CPU
		{C1ACB82E-6187-47BB-9CE8-D6ABD8AD7E11}.Release|Any CPU.Build.0 = Release|Any CPU
		{867B2676-6EAD-4827-8CA1-81D1D8054401}.Debug|Any CPU.ActiveCfg = Debug|Any CPU
		{867B2676-6EAD-4827-8CA1-81D1D8054401}.Debug|Any CPU.Build.0 = Debug|Any CPU
		{867B2676-6EAD-4827-8CA1-81D1D8054401}.Release|Any CPU.ActiveCfg = Release|Any CPU
		{867B2676-6EAD-4827-8CA1-81D1D8054401}.Release|Any CPU.Build.0 = Release|Any CPU
	EndGlobalSection
	GlobalSection(SolutionProperties) = preSolution
		HideSolutionNode = FALSE
	EndGlobalSection
	GlobalSection(ExtensibilityGlobals) = postSolution
		SolutionGuid = {A04F9C46-E8DC-4FCB-8FAB-BED46C78C304}
	EndGlobalSection
EndGlobal
